
Microsoft Visual Studio Solution File, Format Version 12.00
# Visual Studio 15
VisualStudioVersion = 15.0.27703.2026
MinimumVisualStudioVersion = 10.0.40219.1
Project("{FAE04EC0-301F-11D3-BF4B-00C04F79EFBC}") = "Suchen_Solution", "Suchen_Solution\Suchen_Solution.csproj", "{64556AA9-84E6-4BBB-AA61-C7C928CF0CC1}"
EndProject
Global
	GlobalSection(SolutionConfigurationPlatforms) = preSolution
		Debug|Any CPU = Debug|Any CPU
		Release|Any CPU = Release|Any CPU
	EndGlobalSection
	GlobalSection(ProjectConfigurationPlatforms) = postSolution
		{64556AA9-84E6-4BBB-AA61-C7C928CF0CC1}.Debug|Any CPU.ActiveCfg = Debug|Any CPU
		{64556AA9-84E6-4BBB-AA61-C7C928CF0CC1}.Debug|Any CPU.Build.0 = Debug|Any CPU
		{64556AA9-84E6-4BBB-AA61-C7C928CF0CC1}.Release|Any CPU.ActiveCfg = Release|Any CPU
		{64556AA9-84E6-4BBB-AA61-C7C928CF0CC1}.Release|Any CPU.Build.0 = Release|Any CPU
	EndGlobalSection
	GlobalSection(SolutionProperties) = preSolution
		HideSolutionNode = FALSE
	EndGlobalSection
	GlobalSection(ExtensibilityGlobals) = postSolution
		SolutionGuid = {FA673506-C157-4EA1-8C26-46927CA35FA3}
	EndGlobalSection
EndGlobal
